
Microsoft Visual Studio Solution File, Format Version 12.00
# Visual Studio Version 16
VisualStudioVersion = 16.0.30717.126
MinimumVisualStudioVersion = 10.0.40219.1
Project("{9A19103F-16F7-4668-BE54-9A1E7A4F7556}") = "ML.NET", "ML.NET\ML.NET.csproj", "{09330956-AB26-46C3-90B0-B7BE8D0630EE}"
EndProject
Project("{9A19103F-16F7-4668-BE54-9A1E7A4F7556}") = "ML.NETML.Model", "ML.NETML.Model\ML.NETML.Model.csproj", "{A5154AAC-02C7-4AAC-BBA8-6878AAAEC97C}"
EndProject
Project("{9A19103F-16F7-4668-BE54-9A1E7A4F7556}") = "ML.NETML.ConsoleApp", "ML.NETML.ConsoleApp\ML.NETML.ConsoleApp.csproj", "{EAFA063F-29CF-48F7-9CB2-5F0837E9FC74}"
EndProject
Global
	GlobalSection(SolutionConfigurationPlatforms) = preSolution
		Debug|Any CPU = Debug|Any CPU
		Release|Any CPU = Release|Any CPU
	EndGlobalSection
	GlobalSection(ProjectConfigurationPlatforms) = postSolution
		{09330956-AB26-46C3-90B0-B7BE8D0630EE}.Debug|Any CPU.ActiveCfg = Debug|Any CPU
		{09330956-AB26-46C3-90B0-B7BE8D0630EE}.Debug|Any CPU.Build.0 = Debug|Any CPU
		{09330956-AB26-46C3-90B0-B7BE8D0630EE}.Release|Any CPU.ActiveCfg = Release|Any CPU
		{09330956-AB26-46C3-90B0-B7BE8D0630EE}.Release|Any CPU.Build.0 = Release|Any CPU
		{A5154AAC-02C7-4AAC-BBA8-6878AAAEC97C}.Debug|Any CPU.ActiveCfg = Debug|Any CPU
		{A5154AAC-02C7-4AAC-BBA8-6878AAAEC97C}.Debug|Any CPU.Build.0 = Debug|Any CPU
		{A5154AAC-02C7-4AAC-BBA8-6878AAAEC97C}.Release|Any CPU.ActiveCfg = Release|Any CPU
		{A5154AAC-02C7-4AAC-BBA8-6878AAAEC97C}.Release|Any CPU.Build.0 = Release|Any CPU
		{EAFA063F-29CF-48F7-9CB2-5F0837E9FC74}.Debug|Any CPU.ActiveCfg = Debug|Any CPU
		{EAFA063F-29CF-48F7-9CB2-5F0837E9FC74}.Debug|Any CPU.Build.0 = Debug|Any CPU
		{EAFA063F-29CF-48F7-9CB2-5F0837E9FC74}.Release|Any CPU.ActiveCfg = Release|Any CPU
		{EAFA063F-29CF-48F7-9CB2-5F0837E9FC74}.Release|Any CPU.Build.0 = Release|Any CPU
	EndGlobalSection
	GlobalSection(SolutionProperties) = preSolution
		HideSolutionNode = FALSE
	EndGlobalSection
	GlobalSection(ExtensibilityGlobals) = postSolution
		SolutionGuid = {0BE63789-D46F-40F8-882D-FA850A619045}
	EndGlobalSection
EndGlobal
